
Microsoft Visual Studio Solution File, Format Version 12.00
# Visual Studio Version 17
VisualStudioVersion = 17.2.32616.157
MinimumVisualStudioVersion = 10.0.40219.1
Project("{FAE04EC0-301F-11D3-BF4B-00C04F79EFBC}") = "Module8-Concurrency", "Module8-Concurrency\Module8-Concurrency.csproj", "{96E89734-C46F-4592-AD39-ED61651DAB5C}"
EndProject
Project("{FAE04EC0-301F-11D3-BF4B-00C04F79EFBC}") = "Module8.test", "Module8.test\Module8.test.csproj", "{2B3F9579-9304-43CC-B477-BBCFBAF74CBB}"
EndProject
Global
	GlobalSection(SolutionConfigurationPlatforms) = preSolution
		Debug|Any CPU = Debug|Any CPU
		Release|Any CPU = Release|Any CPU
	EndGlobalSection
	GlobalSection(ProjectConfigurationPlatforms) = postSolution
		{96E89734-C46F-4592-AD39-ED61651DAB5C}.Debug|Any CPU.ActiveCfg = Debug|Any CPU
		{96E89734-C46F-4592-AD39-ED61651DAB5C}.Debug|Any CPU.Build.0 = Debug|Any CPU
		{96E89734-C46F-4592-AD39-ED61651DAB5C}.Release|Any CPU.ActiveCfg = Release|Any CPU
		{96E89734-C46F-4592-AD39-ED61651DAB5C}.Release|Any CPU.Build.0 = Release|Any CPU
		{2B3F9579-9304-43CC-B477-BBCFBAF74CBB}.Debug|Any CPU.ActiveCfg = Debug|Any CPU
		{2B3F9579-9304-43CC-B477-BBCFBAF74CBB}.Debug|Any CPU.Build.0 = Debug|Any CPU
		{2B3F9579-9304-43CC-B477-BBCFBAF74CBB}.Release|Any CPU.ActiveCfg = Release|Any CPU
		{2B3F9579-9304-43CC-B477-BBCFBAF74CBB}.Release|Any CPU.Build.0 = Release|Any CPU
	EndGlobalSection
	GlobalSection(SolutionProperties) = preSolution
		HideSolutionNode = FALSE
	EndGlobalSection
	GlobalSection(ExtensibilityGlobals) = postSolution
		SolutionGuid = {0E57632D-3578-489A-81B1-A9039CA9704B}
	EndGlobalSection
EndGlobal
